Microsoft Visual Studio Solution File, Format Version 12.00
# Visual Studio Version 17
VisualStudioVersion = 17.0.31903.59
MinimumVisualStudioVersion = 10.0.40219.1
Project("{2150E333-8FDC-42A3-9474-1A3956D46DE8}") = "docs", "docs", "{D0C00001-0000-4000-8000-000000000001}"
	ProjectSection(SolutionItems) = preProject
		docs\architecture.md = docs\architecture.md
		docker-compose.yml = docker-compose.yml
		docs\GETTING-STARTED-VS2022.md = docs\GETTING-STARTED-VS2022.md
		README.md = README.md
	EndProjectSection
EndProject
Project("{2150E333-8FDC-42A3-9474-1A3956D46DE8}") = "contracts", "contracts", "{D0C00002-0000-4000-8000-000000000002}"
	ProjectSection(SolutionItems) = preProject
		contracts\protos\sensors.proto = contracts\protos\sensors.proto
	EndProjectSection
EndProject
Project("{2150E333-8FDC-42A3-9474-1A3956D46DE8}") = "prompts", "prompts", "{D0C00003-0000-4000-8000-000000000003}"
	ProjectSection(SolutionItems) = preProject
		1_WORK_PLAN.md = 1_WORK_PLAN.md
		0_GETTING_STARTED.md = 0_GETTING_STARTED.md
		3_TECHNICAL_ISSUES.md = 3_TECHNICAL_ISSUES.md
		4_CHANGES.md = 4_CHANGES.md
		5_DEBUGGING.md = 5_DEBUGGING.md
		prompts\README.md = prompts\README.md
		2_ARCHITECTURE_RELATED.md = 2_ARCHITECTURE_RELATED.md
	EndProjectSection
EndProject
Project("{FAE04EC0-301F-11D3-BF4B-00C04F79EFBC}") = "Grpc.Contracts", "contracts\Grpc.Contracts\Grpc.Contracts.csproj", "{A1000001-0000-4000-8000-000000000001}"
EndProject
Project("{2150E333-8FDC-42A3-9474-1A3956D46DE8}") = "services", "services", "{D0C00004-0000-4000-8000-000000000004}"
EndProject
Project("{2150E333-8FDC-42A3-9474-1A3956D46DE8}") = "rest-api", "rest-api", "{D0C00005-0000-4000-8000-000000000005}"
EndProject
Project("{FAE04EC0-301F-11D3-BF4B-00C04F79EFBC}") = "RestApi", "services\rest-api\src\RestApi\RestApi.csproj", "{A2000001-0000-4000-8000-000000000001}"
EndProject
Project("{FAE04EC0-301F-11D3-BF4B-00C04F79EFBC}") = "RestApi.UnitTests", "services\rest-api\tests\RestApi.UnitTests\RestApi.UnitTests.csproj", "{A2000002-0000-4000-8000-000000000002}"
EndProject
Project("{FAE04EC0-301F-11D3-BF4B-00C04F79EFBC}") = "RestApi.IntegrationTests", "services\rest-api\tests\RestApi.IntegrationTests\RestApi.IntegrationTests.csproj", "{A2000003-0000-4000-8000-000000000003}"
EndProject
Project("{2150E333-8FDC-42A3-9474-1A3956D46DE8}") = "sql-data", "sql-data", "{D0C00006-0000-4000-8000-000000000006}"
EndProject
Project("{FAE04EC0-301F-11D3-BF4B-00C04F79EFBC}") = "SqlData", "services\sql-data\src\SqlData\SqlData.csproj", "{A3000001-0000-4000-8000-000000000001}"
EndProject
Project("{FAE04EC0-301F-11D3-BF4B-00C04F79EFBC}") = "SqlData.UnitTests", "services\sql-data\tests\SqlData.UnitTests\SqlData.UnitTests.csproj", "{A3000002-0000-4000-8000-000000000002}"
EndProject
Project("{2150E333-8FDC-42A3-9474-1A3956D46DE8}") = "iot-telemetry", "iot-telemetry", "{D0C00007-0000-4000-8000-000000000007}"
EndProject
Project("{FAE04EC0-301F-11D3-BF4B-00C04F79EFBC}") = "IotTelemetry", "services\iot-telemetry\src\IotTelemetry\IotTelemetry.csproj", "{A4000001-0000-4000-8000-000000000001}"
EndProject
Project("{FAE04EC0-301F-11D3-BF4B-00C04F79EFBC}") = "IotTelemetry.UnitTests", "services\iot-telemetry\tests\IotTelemetry.UnitTests\IotTelemetry.UnitTests.csproj", "{A4000002-0000-4000-8000-000000000002}"
EndProject
Global
	GlobalSection(SolutionConfigurationPlatforms) = preSolution
		Debug|Any CPU = Debug|Any CPU
		Release|Any CPU = Release|Any CPU
	EndGlobalSection
	GlobalSection(ProjectConfigurationPlatforms) = postSolution
		{A1000001-0000-4000-8000-000000000001}.Debug|Any CPU.ActiveCfg = Debug|Any CPU
		{A1000001-0000-4000-8000-000000000001}.Debug|Any CPU.Build.0 = Debug|Any CPU
		{A1000001-0000-4000-8000-000000000001}.Release|Any CPU.ActiveCfg = Release|Any CPU
		{A1000001-0000-4000-8000-000000000001}.Release|Any CPU.Build.0 = Release|Any CPU
		{A2000001-0000-4000-8000-000000000001}.Debug|Any CPU.ActiveCfg = Debug|Any CPU
		{A2000001-0000-4000-8000-000000000001}.Debug|Any CPU.Build.0 = Debug|Any CPU
		{A2000001-0000-4000-8000-000000000001}.Release|Any CPU.ActiveCfg = Release|Any CPU
		{A2000001-0000-4000-8000-000000000001}.Release|Any CPU.Build.0 = Release|Any CPU
		{A2000002-0000-4000-8000-000000000002}.Debug|Any CPU.ActiveCfg = Debug|Any CPU
		{A2000002-0000-4000-8000-000000000002}.Debug|Any CPU.Build.0 = Debug|Any CPU
		{A2000002-0000-4000-8000-000000000002}.Release|Any CPU.ActiveCfg = Release|Any CPU
		{A2000002-0000-4000-8000-000000000002}.Release|Any CPU.Build.0 = Release|Any CPU
		{A2000003-0000-4000-8000-000000000003}.Debug|Any CPU.ActiveCfg = Debug|Any CPU
		{A2000003-0000-4000-8000-000000000003}.Debug|Any CPU.Build.0 = Debug|Any CPU
		{A2000003-0000-4000-8000-000000000003}.Release|Any CPU.ActiveCfg = Release|Any CPU
		{A2000003-0000-4000-8000-000000000003}.Release|Any CPU.Build.0 = Release|Any CPU
		{A3000001-0000-4000-8000-000000000001}.Debug|Any CPU.ActiveCfg = Debug|Any CPU
		{A3000001-0000-4000-8000-000000000001}.Debug|Any CPU.Build.0 = Debug|Any CPU
		{A3000001-0000-4000-8000-000000000001}.Release|Any CPU.ActiveCfg = Release|Any CPU
		{A3000001-0000-4000-8000-000000000001}.Release|Any CPU.Build.0 = Release|Any CPU
		{A3000002-0000-4000-8000-000000000002}.Debug|Any CPU.ActiveCfg = Debug|Any CPU
		{A3000002-0000-4000-8000-000000000002}.Debug|Any CPU.Build.0 = Debug|Any CPU
		{A3000002-0000-4000-8000-000000000002}.Release|Any CPU.ActiveCfg = Release|Any CPU
		{A3000002-0000-4000-8000-000000000002}.Release|Any CPU.Build.0 = Release|Any CPU
		{A4000001-0000-4000-8000-000000000001}.Debug|Any CPU.ActiveCfg = Debug|Any CPU
		{A4000001-0000-4000-8000-000000000001}.Debug|Any CPU.Build.0 = Debug|Any CPU
		{A4000001-0000-4000-8000-000000000001}.Release|Any CPU.ActiveCfg = Release|Any CPU
		{A4000001-0000-4000-8000-000000000001}.Release|Any CPU.Build.0 = Release|Any CPU
		{A4000002-0000-4000-8000-000000000002}.Debug|Any CPU.ActiveCfg = Debug|Any CPU
		{A4000002-0000-4000-8000-000000000002}.Debug|Any CPU.Build.0 = Debug|Any CPU
		{A4000002-0000-4000-8000-000000000002}.Release|Any CPU.ActiveCfg = Release|Any CPU
		{A4000002-0000-4000-8000-000000000002}.Release|Any CPU.Build.0 = Release|Any CPU
	EndGlobalSection
	GlobalSection(SolutionProperties) = preSolution
		HideSolutionNode = FALSE
	EndGlobalSection
	GlobalSection(NestedProjects) = preSolution
		{D0C00005-0000-4000-8000-000000000005} = {D0C00004-0000-4000-8000-000000000004}
		{A2000001-0000-4000-8000-000000000001} = {D0C00005-0000-4000-8000-000000000005}
		{A2000002-0000-4000-8000-000000000002} = {D0C00005-0000-4000-8000-000000000005}
		{A2000003-0000-4000-8000-000000000003} = {D0C00005-0000-4000-8000-000000000005}
		{D0C00006-0000-4000-8000-000000000006} = {D0C00004-0000-4000-8000-000000000004}
		{A3000001-0000-4000-8000-000000000001} = {D0C00006-0000-4000-8000-000000000006}
		{A3000002-0000-4000-8000-000000000002} = {D0C00006-0000-4000-8000-000000000006}
		{D0C00007-0000-4000-8000-000000000007} = {D0C00004-0000-4000-8000-000000000004}
		{A4000001-0000-4000-8000-000000000001} = {D0C00007-0000-4000-8000-000000000007}
		{A4000002-0000-4000-8000-000000000002} = {D0C00007-0000-4000-8000-000000000007}
	EndGlobalSection
	GlobalSection(ExtensibilityGlobals) = postSolution
		SolutionGuid = {E1989618-53A2-4EC0-845C-98CDEA73AEDE}
	EndGlobalSection
EndGlobal
